// !$*UTF8*$!
{
	archiveVersion = 1;
	classes = {
	};
	objectVersion = 46;
	objects = {

/* Begin PBXBuildFile section */
		5157FACFB4D07166B807D35D /* libPods-EGG.a in Frameworks */ = {isa = PBXBuildFile; fileRef = 3355C1B850AB7BEDBF6AEF00 /* libPods-EGG.a */; };
		90459CDB1D7F1CCA00FF08DB /* main.m in Sources */ = {isa = PBXBuildFile; fileRef = 90459CDA1D7F1CCA00FF08DB /* main.m */; };
		90459CDE1D7F1CCA00FF08DB /* AppDelegate.m in Sources */ = {isa = PBXBuildFile; fileRef = 90459CDD1D7F1CCA00FF08DB /* AppDelegate.m */; };
		90459CE41D7F1CCA00FF08DB /* Main.storyboard in Resources */ = {isa = PBXBuildFile; fileRef = 90459CE21D7F1CCA00FF08DB /* Main.storyboard */; };
		90459CE61D7F1CCA00FF08DB /* Assets.xcassets in Resources */ = {isa = PBXBuildFile; fileRef = 90459CE51D7F1CCA00FF08DB /* Assets.xcassets */; };
		90459CE91D7F1CCA00FF08DB /* LaunchScreen.storyboard in Resources */ = {isa = PBXBuildFile; fileRef = 90459CE71D7F1CCA00FF08DB /* LaunchScreen.storyboard */; };
		90459CF41D7F1CCA00FF08DB /* EGGTests.m in Sources */ = {isa = PBXBuildFile; fileRef = 90459CF31D7F1CCA00FF08DB /* EGGTests.m */; };
		90459CFF1D7F1CCA00FF08DB /* EGGUITests.m in Sources */ = {isa = PBXBuildFile; fileRef = 90459CFE1D7F1CCA00FF08DB /* EGGUITests.m */; };
		90459D111D7F1EFF00FF08DB /* icon.png in Resources */ = {isa = PBXBuildFile; fileRef = 90459D101D7F1EFF00FF08DB /* icon.png */; };
		90459D1C1D7F358700FF08DB /* HomeViewController.m in Sources */ = {isa = PBXBuildFile; fileRef = 90459D1A1D7F358700FF08DB /* HomeViewController.m */; };
		90459D1D1D7F358700FF08DB /* HomeViewController.xib in Resources */ = {isa = PBXBuildFile; fileRef = 90459D1B1D7F358700FF08DB /* HomeViewController.xib */; };
		90459D231D7F399400FF08DB /* BaseTabBarController.m in Sources */ = {isa = PBXBuildFile; fileRef = 90459D221D7F399400FF08DB /* BaseTabBarController.m */; };
		90459D251D7F3E6300FF08DB /* tab-ico-shouye-nor@3x.png in Resources */ = {isa = PBXBuildFile; fileRef = 90459D241D7F3E6300FF08DB /* tab-ico-shouye-nor@3x.png */; };
		90459D271D7F3E6F00FF08DB /* tab-ico-wo-nor@3x.png in Resources */ = {isa = PBXBuildFile; fileRef = 90459D261D7F3E6F00FF08DB /* tab-ico-wo-nor@3x.png */; };
		90459D291D7F410C00FF08DB /* home_bottom_tab_arrow@2x.png in Resources */ = {isa = PBXBuildFile; fileRef = 90459D281D7F410C00FF08DB /* home_bottom_tab_arrow@2x.png */; };
		90459D2B1D7F416200FF08DB /* tab-ico-wo-clicked@3x.png in Resources */ = {isa = PBXBuildFile; fileRef = 90459D2A1D7F416200FF08DB /* tab-ico-wo-clicked@3x.png */; };
		90459D2D1D7F416D00FF08DB /* tab-ico-shouye-clicked@3x.png in Resources */ = {isa = PBXBuildFile; fileRef = 90459D2C1D7F416D00FF08DB /* tab-ico-shouye-clicked@3x.png */; };
		90459D301D7F476900FF08DB /* CollectionViewCell.m in Sources */ = {isa = PBXBuildFile; fileRef = 90459D2F1D7F476900FF08DB /* CollectionViewCell.m */; };
		90459D321D7F49B900FF08DB /* holder.png in Resources */ = {isa = PBXBuildFile; fileRef = 90459D311D7F49B900FF08DB /* holder.png */; };
		90459D371D7F58EB00FF08DB /* placeholder.png in Resources */ = {isa = PBXBuildFile; fileRef = 90459D341D7F58EB00FF08DB /* placeholder.png */; };
		90459D381D7F58EB00FF08DB /* XRCarouselView.m in Sources */ = {isa = PBXBuildFile; fileRef = 90459D361D7F58EB00FF08DB /* XRCarouselView.m */; };
		90459D3B1D7F5F7500FF08DB /* BigPicViewController.m in Sources */ = {isa = PBXBuildFile; fileRef = 90459D3A1D7F5F7500FF08DB /* BigPicViewController.m */; };
		90459D3E1D7F74DD00FF08DB /* wp_nav_back_white.png in Resources */ = {isa = PBXBuildFile; fileRef = 90459D3D1D7F74DD00FF08DB /* wp_nav_back_white.png */; };
		90459D401D7F766C00FF08DB /* img_detail_share_up@3x.png in Resources */ = {isa = PBXBuildFile; fileRef = 90459D3F1D7F766C00FF08DB /* img_detail_share_up@3x.png */; };
		90459D461D7F7D4900FF08DB /* img_detail_look@2x.png in Resources */ = {isa = PBXBuildFile; fileRef = 90459D451D7F7D4900FF08DB /* img_detail_look@2x.png */; };
		90459D481D7F7DF900FF08DB /* img_list_aixin.png in Resources */ = {isa = PBXBuildFile; fileRef = 90459D471D7F7DF900FF08DB /* img_list_aixin.png */; };
		90459D4A1D7F7E6000FF08DB /* img_detail_download@3x.png in Resources */ = {isa = PBXBuildFile; fileRef = 90459D491D7F7E6000FF08DB /* img_detail_download@3x.png */; };
		90459D641D7FCFB500FF08DB /* LoginViewController.m in Sources */ = {isa = PBXBuildFile; fileRef = 90459D591D7FCFB500FF08DB /* LoginViewController.m */; };
		90459D651D7FCFB500FF08DB /* LoginViewController.xib in Resources */ = {isa = PBXBuildFile; fileRef = 90459D5A1D7FCFB500FF08DB /* LoginViewController.xib */; };
		90459D661D7FCFB500FF08DB /* RegisterViewController.m in Sources */ = {isa = PBXBuildFile; fileRef = 90459D5C1D7FCFB500FF08DB /* RegisterViewController.m */; };
		90459D671D7FCFB500FF08DB /* RegisterViewController.xib in Resources */ = {isa = PBXBuildFile; fileRef = 90459D5D1D7FCFB500FF08DB /* RegisterViewController.xib */; };
		90459D681D7FCFB500FF08DB /* ResetViewController.m in Sources */ = {isa = PBXBuildFile; fileRef = 90459D5F1D7FCFB500FF08DB /* ResetViewController.m */; };
		90459D691D7FCFB500FF08DB /* ResetViewController.xib in Resources */ = {isa = PBXBuildFile; fileRef = 90459D601D7FCFB500FF08DB /* ResetViewController.xib */; };
		90459D6A1D7FCFB500FF08DB /* UserViewController.m in Sources */ = {isa = PBXBuildFile; fileRef = 90459D621D7FCFB500FF08DB /* UserViewController.m */; };
		90459D6B1D7FCFB500FF08DB /* UserViewController.xib in Resources */ = {isa = PBXBuildFile; fileRef = 90459D631D7FCFB500FF08DB /* UserViewController.xib */; };
		9077AB621D7FD1DB00B5468B /* UILabel+Extension.m in Sources */ = {isa = PBXBuildFile; fileRef = 9077AB611D7FD1DB00B5468B /* UILabel+Extension.m */; };
		9077AB661D7FD22E00B5468B /* LeftDrawerViewController.m in Sources */ = {isa = PBXBuildFile; fileRef = 9077AB641D7FD22E00B5468B /* LeftDrawerViewController.m */; };
		9077AB671D7FD22E00B5468B /* LeftDrawerViewController.xib in Resources */ = {isa = PBXBuildFile; fileRef = 9077AB651D7FD22E00B5468B /* LeftDrawerViewController.xib */; };
		9077AB741D7FD31100B5468B /* i_2bg@2x.jpg in Resources */ = {isa = PBXBuildFile; fileRef = 9077AB691D7FD31100B5468B /* i_2bg@2x.jpg */; };
		9077AB751D7FD31100B5468B /* ico-duanxin-nor@3x.png in Resources */ = {isa = PBXBuildFile; fileRef = 9077AB6A1D7FD31100B5468B /* ico-duanxin-nor@3x.png */; };
		9077AB761D7FD31100B5468B /* ico-fenxiang-nor@3x.png in Resources */ = {isa = PBXBuildFile; fileRef = 9077AB6B1D7FD31100B5468B /* ico-fenxiang-nor@3x.png */; };
		9077AB771D7FD31100B5468B /* ico-saoma@3x.png in Resources */ = {isa = PBXBuildFile; fileRef = 9077AB6C1D7FD31100B5468B /* ico-saoma@3x.png */; };
		9077AB781D7FD31100B5468B /* ico-shoucang-nor@3x.png in Resources */ = {isa = PBXBuildFile; fileRef = 9077AB6D1D7FD31100B5468B /* ico-shoucang-nor@3x.png */; };
		9077AB791D7FD31100B5468B /* ico-touxiang@3x.png in Resources */ = {isa = PBXBuildFile; fileRef = 9077AB6E1D7FD31100B5468B /* ico-touxiang@3x.png */; };
		9077AB7A1D7FD31100B5468B /* icon_accountbg@2x.jpg in Resources */ = {isa = PBXBuildFile; fileRef = 9077AB6F1D7FD31100B5468B /* icon_accountbg@2x.jpg */; };
		9077AB7B1D7FD31100B5468B /* icon_company_markon@2x.png in Resources */ = {isa = PBXBuildFile; fileRef = 9077AB701D7FD31100B5468B /* icon_company_markon@2x.png */; };
		9077AB7C1D7FD31100B5468B /* icon_edit_highlight@2x.png in Resources */ = {isa = PBXBuildFile; fileRef = 9077AB711D7FD31100B5468B /* icon_edit_highlight@2x.png */; };
		9077AB7D1D7FD31100B5468B /* icon_result_left_enable@2x.png in Resources */ = {isa = PBXBuildFile; fileRef = 9077AB721D7FD31100B5468B /* icon_result_left_enable@2x.png */; };
		9077AB7E1D7FD31100B5468B /* icon_result_menuedit@2x.png in Resources */ = {isa = PBXBuildFile; fileRef = 9077AB731D7FD31100B5468B /* icon_result_menuedit@2x.png */; };
		9077AB821D7FD84A00B5468B /* login.jpg in Resources */ = {isa = PBXBuildFile; fileRef = 9077AB811D7FD84A00B5468B /* login.jpg */; };
/* End PBXBuildFile section */

/* Begin PBXContainerItemProxy section */
		90459CF01D7F1CCA00FF08DB /* PBXContainerItemProxy */ = {
			isa = PBXContainerItemProxy;
			containerPortal = 90459CCE1D7F1CCA00FF08DB /* Project object */;
			proxyType = 1;
			remoteGlobalIDString = 90459CD51D7F1CCA00FF08DB;
			remoteInfo = EGG;
		};
		90459CFB1D7F1CCA00FF08DB /* PBXContainerItemProxy */ = {
			isa = PBXContainerItemProxy;
			containerPortal = 90459CCE1D7F1CCA00FF08DB /* Project object */;
			proxyType = 1;
			remoteGlobalIDString = 90459CD51D7F1CCA00FF08DB;
			remoteInfo = EGG;
		};
/* End PBXContainerItemProxy section */

/* Begin PBXFileReference section */
		3355C1B850AB7BEDBF6AEF00 /* libPods-EGG.a */ = {isa = PBXFileReference; explicitFileType = archive.ar; includeInIndex = 0; path = "libPods-EGG.a"; sourceTree = BUILT_PRODUCTS_DIR; };
		90459CD61D7F1CCA00FF08DB /* EGG.app */ = {isa = PBXFileReference; explicitFileType = wrapper.application; includeInIndex = 0; path = EGG.app; sourceTree = BUILT_PRODUCTS_DIR; };
		90459CDA1D7F1CCA00FF08DB /* main.m */ = {isa = PBXFileReference; lastKnownFileType = sourcecode.c.objc; path = main.m; sourceTree = "<group>"; };
		90459CDC1D7F1CCA00FF08DB /* AppDelegate.h */ = {isa = PBXFileReference; lastKnownFileType = sourcecode.c.h; path = AppDelegate.h; sourceTree = "<group>"; };
		90459CDD1D7F1CCA00FF08DB /* AppDelegate.m */ = {isa = PBXFileReference; lastKnownFileType = sourcecode.c.objc; path = AppDelegate.m; sourceTree = "<group>"; };
		90459CE31D7F1CCA00FF08DB /* Base */ = {isa = PBXFileReference; lastKnownFileType = file.storyboard; name = Base; path = Base.lproj/Main.storyboard; sourceTree = "<group>"; };
		90459CE51D7F1CCA00FF08DB /* Assets.xcassets */ = {isa = PBXFileReference; lastKnownFileType = folder.assetcatalog; path = Assets.xcassets; sourceTree = "<group>"; };
		90459CE81D7F1CCA00FF08DB /* Base */ = {isa = PBXFileReference; lastKnownFileType = file.storyboard; name = Base; path = Base.lproj/LaunchScreen.storyboard; sourceTree = "<group>"; };
		90459CEA1D7F1CCA00FF08DB /* Info.plist */ = {isa = PBXFileReference; lastKnownFileType = text.plist.xml; path = Info.plist; sourceTree = "<group>"; };
		90459CEF1D7F1CCA00FF08DB /* EGGTests.xctest */ = {isa = PBXFileReference; explicitFileType = wrapper.cfbundle; includeInIndex = 0; path = EGGTests.xctest; sourceTree = BUILT_PRODUCTS_DIR; };
		90459CF31D7F1CCA00FF08DB /* EGGTests.m */ = {isa = PBXFileReference; lastKnownFileType = sourcecode.c.objc; path = EGGTests.m; sourceTree = "<group>"; };
		90459CF51D7F1CCA00FF08DB /* Info.plist */ = {isa = PBXFileReference; lastKnownFileType = text.plist.xml; path = Info.plist; sourceTree = "<group>"; };
		90459CFA1D7F1CCA00FF08DB /* EGGUITests.xctest */ = {isa = PBXFileReference; explicitFileType = wrapper.cfbundle; includeInIndex = 0; path = EGGUITests.xctest; sourceTree = BUILT_PRODUCTS_DIR; };
		90459CFE1D7F1CCA00FF08DB /* EGGUITests.m */ = {isa = PBXFileReference; lastKnownFileType = sourcecode.c.objc; path = EGGUITests.m; sourceTree = "<group>"; };
		90459D001D7F1CCA00FF08DB /* Info.plist */ = {isa = PBXFileReference; lastKnownFileType = text.plist.xml; path = Info.plist; sourceTree = "<group>"; };
		90459D101D7F1EFF00FF08DB /* icon.png */ = {isa = PBXFileReference; lastKnownFileType = image.png; path = icon.png; sourceTree = "<group>"; };
		90459D191D7F358700FF08DB /* HomeViewController.h */ = {isa = PBXFileReference; fileEncoding = 4; lastKnownFileType = sourcecode.c.h; path = HomeViewController.h; sourceTree = "<group>"; };
		90459D1A1D7F358700FF08DB /* HomeViewController.m */ = {isa = PBXFileReference; fileEncoding = 4; lastKnownFileType = sourcecode.c.objc; path = HomeViewController.m; sourceTree = "<group>"; };
		90459D1B1D7F358700FF08DB /* HomeViewController.xib */ = {isa = PBXFileReference; fileEncoding = 4; lastKnownFileType = file.xib; path = HomeViewController.xib; sourceTree = "<group>"; };
		90459D1F1D7F35CF00FF08DB /* PrefixHeader.pch */ = {isa = PBXFileReference; fileEncoding = 4; lastKnownFileType = sourcecode.c.h; path = PrefixHeader.pch; sourceTree = "<group>"; };
		90459D211D7F399400FF08DB /* BaseTabBarController.h */ = {isa = PBXFileReference; fileEncoding = 4; lastKnownFileType = sourcecode.c.h; path = BaseTabBarController.h; sourceTree = "<group>"; };
		90459D221D7F399400FF08DB /* BaseTabBarController.m */ = {isa = PBXFileReference; fileEncoding = 4; lastKnownFileType = sourcecode.c.objc; path = BaseTabBarController.m; sourceTree = "<group>"; };
		90459D241D7F3E6300FF08DB /* tab-ico-shouye-nor@3x.png */ = {isa = PBXFileReference; lastKnownFileType = image.png; path = "tab-ico-shouye-nor@3x.png"; sourceTree = "<group>"; };
		90459D261D7F3E6F00FF08DB /* tab-ico-wo-nor@3x.png */ = {isa = PBXFileReference; lastKnownFileType = image.png; path = "tab-ico-wo-nor@3x.png"; sourceTree = "<group>"; };
		90459D281D7F410C00FF08DB /* home_bottom_tab_arrow@2x.png */ = {isa = PBXFileReference; lastKnownFileType = image.png; path = "home_bottom_tab_arrow@2x.png"; sourceTree = "<group>"; };
		90459D2A1D7F416200FF08DB /* tab-ico-wo-clicked@3x.png */ = {isa = PBXFileReference; lastKnownFileType = image.png; path = "tab-ico-wo-clicked@3x.png"; sourceTree = "<group>"; };
		90459D2C1D7F416D00FF08DB /* tab-ico-shouye-clicked@3x.png */ = {isa = PBXFileReference; lastKnownFileType = image.png; path = "tab-ico-shouye-clicked@3x.png"; sourceTree = "<group>"; };
		90459D2E1D7F476900FF08DB /* CollectionViewCell.h */ = {isa = PBXFileReference; fileEncoding = 4; lastKnownFileType = sourcecode.c.h; path = CollectionViewCell.h; sourceTree = "<group>"; };
		90459D2F1D7F476900FF08DB /* CollectionViewCell.m */ = {isa = PBXFileReference; fileEncoding = 4; lastKnownFileType = sourcecode.c.objc; path = CollectionViewCell.m; sourceTree = "<group>"; };
		90459D311D7F49B900FF08DB /* holder.png */ = {isa = PBXFileReference; lastKnownFileType = image.png; path = holder.png; sourceTree = "<group>"; };
		90459D341D7F58EB00FF08DB /* placeholder.png */ = {isa = PBXFileReference; lastKnownFileType = image.png; path = placeholder.png; sourceTree = "<group>"; };
		90459D351D7F58EB00FF08DB /* XRCarouselView.h */ = {isa = PBXFileReference; fileEncoding = 4; lastKnownFileType = sourcecode.c.h; path = XRCarouselView.h; sourceTree = "<group>"; };
		90459D361D7F58EB00FF08DB /* XRCarouselView.m */ = {isa = PBXFileReference; fileEncoding = 4; lastKnownFileType = sourcecode.c.objc; path = XRCarouselView.m; sourceTree = "<group>"; };
		90459D391D7F5F7500FF08DB /* BigPicViewController.h */ = {isa = PBXFileReference; fileEncoding = 4; lastKnownFileType = sourcecode.c.h; path = BigPicViewController.h; sourceTree = "<group>"; };
		90459D3A1D7F5F7500FF08DB /* BigPicViewController.m */ = {isa = PBXFileReference; fileEncoding = 4; lastKnownFileType = sourcecode.c.objc; path = BigPicViewController.m; sourceTree = "<group>"; };
		90459D3D1D7F74DD00FF08DB /* wp_nav_back_white.png */ = {isa = PBXFileReference; lastKnownFileType = image.png; path = wp_nav_back_white.png; sourceTree = "<group>"; };
		90459D3F1D7F766C00FF08DB /* img_detail_share_up@3x.png */ = {isa = PBXFileReference; lastKnownFileType = image.png; path = "img_detail_share_up@3x.png"; sourceTree = "<group>"; };
		90459D451D7F7D4900FF08DB /* img_detail_look@2x.png */ = {isa = PBXFileReference; lastKnownFileType = image.png; path = "img_detail_look@2x.png"; sourceTree = "<group>"; };
		90459D471D7F7DF900FF08DB /* img_list_aixin.png */ = {isa = PBXFileReference; lastKnownFileType = image.png; path = img_list_aixin.png; sourceTree = "<group>"; };
		90459D491D7F7E6000FF08DB /* img_detail_download@3x.png */ = {isa = PBXFileReference; lastKnownFileType = image.png; path = "img_detail_download@3x.png"; sourceTree = "<group>"; };
		90459D581D7FCFB500FF08DB /* LoginViewController.h */ = {isa = PBXFileReference; fileEncoding = 4; lastKnownFileType = sourcecode.c.h; path = LoginViewController.h; sourceTree = "<group>"; };
		90459D591D7FCFB500FF08DB /* LoginViewController.m */ = {isa = PBXFileReference; fileEncoding = 4; lastKnownFileType = sourcecode.c.objc; path = LoginViewController.m; sourceTree = "<group>"; };
		90459D5A1D7FCFB500FF08DB /* LoginViewController.xib */ = {isa = PBXFileReference; fileEncoding = 4; lastKnownFileType = file.xib; path = LoginViewController.xib; sourceTree = "<group>"; };
		90459D5B1D7FCFB500FF08DB /* RegisterViewController.h */ = {isa = PBXFileReference; fileEncoding = 4; lastKnownFileType = sourcecode.c.h; path = RegisterViewController.h; sourceTree = "<group>"; };
		90459D5C1D7FCFB500FF08DB /* RegisterViewController.m */ = {isa = PBXFileReference; fileEncoding = 4; lastKnownFileType = sourcecode.c.objc; path = RegisterViewController.m; sourceTree = "<group>"; };
		90459D5D1D7FCFB500FF08DB /* RegisterViewController.xib */ = {isa = PBXFileReference; fileEncoding = 4; lastKnownFileType = file.xib; path = RegisterViewController.xib; sourceTree = "<group>"; };
		90459D5E1D7FCFB500FF08DB /* ResetViewController.h */ = {isa = PBXFileReference; fileEncoding = 4; lastKnownFileType = sourcecode.c.h; path = ResetViewController.h; sourceTree = "<group>"; };
		90459D5F1D7FCFB500FF08DB /* ResetViewController.m */ = {isa = PBXFileReference; fileEncoding = 4; lastKnownFileType = sourcecode.c.objc; path = ResetViewController.m; sourceTree = "<group>"; };
		90459D601D7FCFB500FF08DB /* ResetViewController.xib */ = {isa = PBXFileReference; fileEncoding = 4; lastKnownFileType = file.xib; path = ResetViewController.xib; sourceTree = "<group>"; };
		90459D611D7FCFB500FF08DB /* UserViewController.h */ = {isa = PBXFileReference; fileEncoding = 4; lastKnownFileType = sourcecode.c.h; path = UserViewController.h; sourceTree = "<group>"; };
		90459D621D7FCFB500FF08DB /* UserViewController.m */ = {isa = PBXFileReference; fileEncoding = 4; lastKnownFileType = sourcecode.c.objc; path = UserViewController.m; sourceTree = "<group>"; };
		90459D631D7FCFB500FF08DB /* UserViewController.xib */ = {isa = PBXFileReference; fileEncoding = 4; lastKnownFileType = file.xib; path = UserViewController.xib; sourceTree = "<group>"; };
		9077AB601D7FD1DB00B5468B /* UILabel+Extension.h */ = {isa = PBXFileReference; fileEncoding = 4; lastKnownFileType = sourcecode.c.h; path = "UILabel+Extension.h"; sourceTree = "<group>"; };
		9077AB611D7FD1DB00B5468B /* UILabel+Extension.m */ = {isa = PBXFileReference; fileEncoding = 4; lastKnownFileType = sourcecode.c.objc; path = "UILabel+Extension.m"; sourceTree = "<group>"; };
		9077AB631D7FD22E00B5468B /* LeftDrawerViewController.h */ = {isa = PBXFileReference; fileEncoding = 4; lastKnownFileType = sourcecode.c.h; path = LeftDrawerViewController.h; sourceTree = "<group>"; };
		9077AB641D7FD22E00B5468B /* LeftDrawerViewController.m */ = {isa = PBXFileReference; fileEncoding = 4; lastKnownFileType = sourcecode.c.objc; path = LeftDrawerViewController.m; sourceTree = "<group>"; };
		9077AB651D7FD22E00B5468B /* LeftDrawerViewController.xib */ = {isa = PBXFileReference; fileEncoding = 4; lastKnownFileType = file.xib; path = LeftDrawerViewController.xib; sourceTree = "<group>"; };
		9077AB691D7FD31100B5468B /* i_2bg@2x.jpg */ = {isa = PBXFileReference; lastKnownFileType = image.jpeg; path = "i_2bg@2x.jpg"; sourceTree = "<group>"; };
		9077AB6A1D7FD31100B5468B /* ico-duanxin-nor@3x.png */ = {isa = PBXFileReference; lastKnownFileType = image.png; path = "ico-duanxin-nor@3x.png"; sourceTree = "<group>"; };
		9077AB6B1D7FD31100B5468B /* ico-fenxiang-nor@3x.png */ = {isa = PBXFileReference; lastKnownFileType = image.png; path = "ico-fenxiang-nor@3x.png"; sourceTree = "<group>"; };
		9077AB6C1D7FD31100B5468B /* ico-saoma@3x.png */ = {isa = PBXFileReference; lastKnownFileType = image.png; path = "ico-saoma@3x.png"; sourceTree = "<group>"; };
		9077AB6D1D7FD31100B5468B /* ico-shoucang-nor@3x.png */ = {isa = PBXFileReference; lastKnownFileType = image.png; path = "ico-shoucang-nor@3x.png"; sourceTree = "<group>"; };
		9077AB6E1D7FD31100B5468B /* ico-touxiang@3x.png */ = {isa = PBXFileReference; lastKnownFileType = image.png; path = "ico-touxiang@3x.png"; sourceTree = "<group>"; };
		9077AB6F1D7FD31100B5468B /* icon_accountbg@2x.jpg */ = {isa = PBXFileReference; lastKnownFileType = image.jpeg; path = "icon_accountbg@2x.jpg"; sourceTree = "<group>"; };
		9077AB701D7FD31100B5468B /* icon_company_markon@2x.png */ = {isa = PBXFileReference; lastKnownFileType = image.png; path = "icon_company_markon@2x.png"; sourceTree = "<group>"; };
		9077AB711D7FD31100B5468B /* icon_edit_highlight@2x.png */ = {isa = PBXFileReference; lastKnownFileType = image.png; path = "icon_edit_highlight@2x.png"; sourceTree = "<group>"; };
		9077AB721D7FD31100B5468B /* icon_result_left_enable@2x.png */ = {isa = PBXFileReference; lastKnownFileType = image.png; path = "icon_result_left_enable@2x.png"; sourceTree = "<group>"; };
		9077AB731D7FD31100B5468B /* icon_result_menuedit@2x.png */ = {isa = PBXFileReference; lastKnownFileType = image.png; path = "icon_result_menuedit@2x.png"; sourceTree = "<group>"; };
		9077AB811D7FD84A00B5468B /* login.jpg */ = {isa = PBXFileReference; lastKnownFileType = image.jpeg; path = login.jpg; sourceTree = "<group>"; };
		BF7899828241B77DCDB297FF /* Pods-EGG.debug.xcconfig */ = {isa = PBXFileReference; includeInIndex = 1; lastKnownFileType = text.xcconfig; name = "Pods-EGG.debug.xcconfig"; path = "Pods/Target Support Files/Pods-EGG/Pods-EGG.debug.xcconfig"; sourceTree = "<group>"; };
		DFD991B67A61A364DD4D043B /* Pods-EGG.release.xcconfig */ = {isa = PBXFileReference; includeInIndex = 1; lastKnownFileType = text.xcconfig; name = "Pods-EGG.release.xcconfig"; path = "Pods/Target Support Files/Pods-EGG/Pods-EGG.release.xcconfig"; sourceTree = "<group>"; };
/* End PBXFileReference section */

/* Begin PBXFrameworksBuildPhase section */
		90459CD31D7F1CCA00FF08DB /* Frameworks */ = {
			isa = PBXFrameworksBuildPhase;
			buildActionMask = 2147483647;
			files = (
				5157FACFB4D07166B807D35D /* libPods-EGG.a in Frameworks */,
			);
			runOnlyForDeploymentPostprocessing = 0;
		};
		90459CEC1D7F1CCA00FF08DB /* Frameworks */ = {
			isa = PBXFrameworksBuildPhase;
			buildActionMask = 2147483647;
			files = (
			);
			runOnlyForDeploymentPostprocessing = 0;
		};
		90459CF71D7F1CCA00FF08DB /* Frameworks */ = {
			isa = PBXFrameworksBuildPhase;
			buildActionMask = 2147483647;
			files = (
			);
			runOnlyForDeploymentPostprocessing = 0;
		};
/* End PBXFrameworksBuildPhase section */

/* Begin PBXGroup section */
		53EB51782AD22909D99FC8AD /* Frameworks */ = {
			isa = PBXGroup;
			children = (
				3355C1B850AB7BEDBF6AEF00 /* libPods-EGG.a */,
			);
			name = Frameworks;
			sourceTree = "<group>";
		};
		6DC9FAF77D3DDE8759E9BDD3 /* Pods */ = {
			isa = PBXGroup;
			children = (
				BF7899828241B77DCDB297FF /* Pods-EGG.debug.xcconfig */,
				DFD991B67A61A364DD4D043B /* Pods-EGG.release.xcconfig */,
			);
			name = Pods;
			sourceTree = "<group>";
		};
		90459CCD1D7F1CCA00FF08DB = {
			isa = PBXGroup;
			children = (
				90459D101D7F1EFF00FF08DB /* icon.png */,
				90459CD81D7F1CCA00FF08DB /* EGG */,
				90459CF21D7F1CCA00FF08DB /* EGGTests */,
				90459CFD1D7F1CCA00FF08DB /* EGGUITests */,
				90459CD71D7F1CCA00FF08DB /* Products */,
				6DC9FAF77D3DDE8759E9BDD3 /* Pods */,
				53EB51782AD22909D99FC8AD /* Frameworks */,
			);
			sourceTree = "<group>";
		};
		90459CD71D7F1CCA00FF08DB /* Products */ = {
			isa = PBXGroup;
			children = (
				90459CD61D7F1CCA00FF08DB /* EGG.app */,
				90459CEF1D7F1CCA00FF08DB /* EGGTests.xctest */,
				90459CFA1D7F1CCA00FF08DB /* EGGUITests.xctest */,
			);
			name = Products;
			sourceTree = "<group>";
		};
		90459CD81D7F1CCA00FF08DB /* EGG */ = {
			isa = PBXGroup;
			children = (
				90459D1F1D7F35CF00FF08DB /* PrefixHeader.pch */,
				90459CDC1D7F1CCA00FF08DB /* AppDelegate.h */,
				90459CDD1D7F1CCA00FF08DB /* AppDelegate.m */,
				90459D541D7FCDDC00FF08DB /* L&R */,
				90459D201D7F392000FF08DB /* BASE */,
				90459D131D7F353D00FF08DB /* USER */,
				90459D121D7F353100FF08DB /* HOME */,
				90459CE21D7F1CCA00FF08DB /* Main.storyboard */,
				90459CE51D7F1CCA00FF08DB /* Assets.xcassets */,
				90459CE71D7F1CCA00FF08DB /* LaunchScreen.storyboard */,
				90459CEA1D7F1CCA00FF08DB /* Info.plist */,
				90459CD91D7F1CCA00FF08DB /* Supporting Files */,
			);
			path = EGG;
			sourceTree = "<group>";
		};
		90459CD91D7F1CCA00FF08DB /* Supporting Files */ = {
			isa = PBXGroup;
			children = (
				9077AB811D7FD84A00B5468B /* login.jpg */,
				9077AB681D7FD2CD00B5468B /* qianyi  */,
				90459D491D7F7E6000FF08DB /* img_detail_download@3x.png */,
				90459D471D7F7DF900FF08DB /* img_list_aixin.png */,
				90459D451D7F7D4900FF08DB /* img_detail_look@2x.png */,
				90459D3F1D7F766C00FF08DB /* img_detail_share_up@3x.png */,
				90459D3D1D7F74DD00FF08DB /* wp_nav_back_white.png */,
				90459D311D7F49B900FF08DB /* holder.png */,
				90459D241D7F3E6300FF08DB /* tab-ico-shouye-nor@3x.png */,
				90459D261D7F3E6F00FF08DB /* tab-ico-wo-nor@3x.png */,
				90459D281D7F410C00FF08DB /* home_bottom_tab_arrow@2x.png */,
				90459D2A1D7F416200FF08DB /* tab-ico-wo-clicked@3x.png */,
				90459D2C1D7F416D00FF08DB /* tab-ico-shouye-clicked@3x.png */,
				90459CDA1D7F1CCA00FF08DB /* main.m */,
			);
			name = "Supporting Files";
			sourceTree = "<group>";
		};
		90459CF21D7F1CCA00FF08DB /* EGGTests */ = {
			isa = PBXGroup;
			children = (
				90459CF31D7F1CCA00FF08DB /* EGGTests.m */,
				90459CF51D7F1CCA00FF08DB /* Info.plist */,
			);
			path = EGGTests;
			sourceTree = "<group>";
		};
		90459CFD1D7F1CCA00FF08DB /* EGGUITests */ = {
			isa = PBXGroup;
			children = (
				90459CFE1D7F1CCA00FF08DB /* EGGUITests.m */,
				90459D001D7F1CCA00FF08DB /* Info.plist */,
			);
			path = EGGUITests;
			sourceTree = "<group>";
		};
		90459D121D7F353100FF08DB /* HOME */ = {
			isa = PBXGroup;
			children = (
				90459D191D7F358700FF08DB /* HomeViewController.h */,
				90459D1A1D7F358700FF08DB /* HomeViewController.m */,
				90459D1B1D7F358700FF08DB /* HomeViewController.xib */,
				90459D2E1D7F476900FF08DB /* CollectionViewCell.h */,
				90459D2F1D7F476900FF08DB /* CollectionViewCell.m */,
				90459D3C1D7F5F8100FF08DB /* BigPicture */,
			);
			name = HOME;
			sourceTree = "<group>";
		};
		90459D131D7F353D00FF08DB /* USER */ = {
			isa = PBXGroup;
			children = (
			);
			name = USER;
			sourceTree = "<group>";
		};
		90459D201D7F392000FF08DB /* BASE */ = {
			isa = PBXGroup;
			children = (
				90459D331D7F58EB00FF08DB /* XRCarouselView */,
				90459D211D7F399400FF08DB /* BaseTabBarController.h */,
				90459D221D7F399400FF08DB /* BaseTabBarController.m */,
				9077AB601D7FD1DB00B5468B /* UILabel+Extension.h */,
				9077AB611D7FD1DB00B5468B /* UILabel+Extension.m */,
			);
			name = BASE;
			sourceTree = "<group>";
		};
		90459D331D7F58EB00FF08DB /* XRCarouselView */ = {
			isa = PBXGroup;
			children = (
				90459D341D7F58EB00FF08DB /* placeholder.png */,
				90459D351D7F58EB00FF08DB /* XRCarouselView.h */,
				90459D361D7F58EB00FF08DB /* XRCarouselView.m */,
			);
			path = XRCarouselView;
			sourceTree = "<group>";
		};
		90459D3C1D7F5F8100FF08DB /* BigPicture */ = {
			isa = PBXGroup;
			children = (
				90459D391D7F5F7500FF08DB /* BigPicViewController.h */,
				90459D3A1D7F5F7500FF08DB /* BigPicViewController.m */,
			);
			name = BigPicture;
			sourceTree = "<group>";
		};
		90459D541D7FCDDC00FF08DB /* L&R */ = {
			isa = PBXGroup;
			children = (
				9077AB631D7FD22E00B5468B /* LeftDrawerViewController.h */,
				9077AB641D7FD22E00B5468B /* LeftDrawerViewController.m */,
				9077AB651D7FD22E00B5468B /* LeftDrawerViewController.xib */,
				90459D581D7FCFB500FF08DB /* LoginViewController.h */,
				90459D591D7FCFB500FF08DB /* LoginViewController.m */,
				90459D5A1D7FCFB500FF08DB /* LoginViewController.xib */,
				90459D5B1D7FCFB500FF08DB /* RegisterViewController.h */,
				90459D5C1D7FCFB500FF08DB /* RegisterViewController.m */,
				90459D5D1D7FCFB500FF08DB /* RegisterViewController.xib */,
				90459D5E1D7FCFB500FF08DB /* ResetViewController.h */,
				90459D5F1D7FCFB500FF08DB /* ResetViewController.m */,
				90459D601D7FCFB500FF08DB /* ResetViewController.xib */,
				90459D611D7FCFB500FF08DB /* UserViewController.h */,
				90459D621D7FCFB500FF08DB /* UserViewController.m */,
				90459D631D7FCFB500FF08DB /* UserViewController.xib */,
			);
			name = "L&R";
			sourceTree = "<group>";
		};
		9077AB681D7FD2CD00B5468B /* qianyi  */ = {
			isa = PBXGroup;
			children = (
				9077AB691D7FD31100B5468B /* i_2bg@2x.jpg */,
				9077AB6A1D7FD31100B5468B /* ico-duanxin-nor@3x.png */,
				9077AB6B1D7FD31100B5468B /* ico-fenxiang-nor@3x.png */,
				9077AB6C1D7FD31100B5468B /* ico-saoma@3x.png */,
				9077AB6D1D7FD31100B5468B /* ico-shoucang-nor@3x.png */,
				9077AB6E1D7FD31100B5468B /* ico-touxiang@3x.png */,
				9077AB6F1D7FD31100B5468B /* icon_accountbg@2x.jpg */,
				9077AB701D7FD31100B5468B /* icon_company_markon@2x.png */,
				9077AB711D7FD31100B5468B /* icon_edit_highlight@2x.png */,
				9077AB721D7FD31100B5468B /* icon_result_left_enable@2x.png */,
				9077AB731D7FD31100B5468B /* icon_result_menuedit@2x.png */,
			);
			name = "qianyi ";
			sourceTree = "<group>";
		};
/* End PBXGroup section */

/* Begin PBXNativeTarget section */
		90459CD51D7F1CCA00FF08DB /* EGG */ = {
			isa = PBXNativeTarget;
			buildConfigurationList = 90459D031D7F1CCA00FF08DB /* Build configuration list for PBXNativeTarget "EGG" */;
			buildPhases = (
				6AF0670D91B15271C256239B /* [CP] Check Pods Manifest.lock */,
				90459CD21D7F1CCA00FF08DB /* Sources */,
				90459CD31D7F1CCA00FF08DB /* Frameworks */,
				90459CD41D7F1CCA00FF08DB /* Resources */,
				AB95B69CCDD9CB3ADAE4E0DC /* [CP] Embed Pods Frameworks */,
				0AEB486050354FFB4BDDE00B /* [CP] Copy Pods Resources */,
			);
			buildRules = (
			);
			dependencies = (
			);
			name = EGG;
			productName = EGG;
			productReference = 90459CD61D7F1CCA00FF08DB /* EGG.app */;
			productType = "com.apple.product-type.application";
		};
		90459CEE1D7F1CCA00FF08DB /* EGGTests */ = {
			isa = PBXNativeTarget;
			buildConfigurationList = 90459D061D7F1CCA00FF08DB /* Build configuration list for PBXNativeTarget "EGGTests" */;
			buildPhases = (
				90459CEB1D7F1CCA00FF08DB /* Sources */,
				90459CEC1D7F1CCA00FF08DB /* Frameworks */,
				90459CED1D7F1CCA00FF08DB /* Resources */,
			);
			buildRules = (
			);
			dependencies = (
				90459CF11D7F1CCA00FF08DB /* PBXTargetDependency */,
			);
			name = EGGTests;
			productName = EGGTests;
			productReference = 90459CEF1D7F1CCA00FF08DB /* EGGTests.xctest */;
			productType = "com.apple.product-type.bundle.unit-test";
		};
		90459CF91D7F1CCA00FF08DB /* EGGUITests */ = {
			isa = PBXNativeTarget;
			buildConfigurationList = 90459D091D7F1CCA00FF08DB /* Build configuration list for PBXNativeTarget "EGGUITests" */;
			buildPhases = (
				90459CF61D7F1CCA00FF08DB /* Sources */,
				90459CF71D7F1CCA00FF08DB /* Frameworks */,
				90459CF81D7F1CCA00FF08DB /* Resources */,
			);
			buildRules = (
			);
			dependencies = (
				90459CFC1D7F1CCA00FF08DB /* PBXTargetDependency */,
			);
			name = EGGUITests;
			productName = EGGUITests;
			productReference = 90459CFA1D7F1CCA00FF08DB /* EGGUITests.xctest */;
			productType = "com.apple.product-type.bundle.ui-testing";
		};
/* End PBXNativeTarget section */

/* Begin PBXProject section */
		90459CCE1D7F1CCA00FF08DB /* Project object */ = {
			isa = PBXProject;
			attributes = {
				LastUpgradeCheck = 0730;
				ORGANIZATIONNAME = yuebin;
				TargetAttributes = {
					90459CD51D7F1CCA00FF08DB = {
						CreatedOnToolsVersion = 7.3.1;
						DevelopmentTeam = RZA9S6KWC6;
					};
					90459CEE1D7F1CCA00FF08DB = {
						CreatedOnToolsVersion = 7.3.1;
						DevelopmentTeam = RZA9S6KWC6;
						TestTargetID = 90459CD51D7F1CCA00FF08DB;
					};
					90459CF91D7F1CCA00FF08DB = {
						CreatedOnToolsVersion = 7.3.1;
						DevelopmentTeam = RZA9S6KWC6;
						TestTargetID = 90459CD51D7F1CCA00FF08DB;
					};
				};
			};
			buildConfigurationList = 90459CD11D7F1CCA00FF08DB /* Build configuration list for PBXProject "EGG" */;
			compatibilityVersion = "Xcode 3.2";
			developmentRegion = English;
			hasScannedForEncodings = 0;
			knownRegions = (
				en,
				Base,
			);
			mainGroup = 90459CCD1D7F1CCA00FF08DB;
			productRefGroup = 90459CD71D7F1CCA00FF08DB /* Products */;
			projectDirPath = "";
			projectRoot = "";
			targets = (
				90459CD51D7F1CCA00FF08DB /* EGG */,
				90459CEE1D7F1CCA00FF08DB /* EGGTests */,
				90459CF91D7F1CCA00FF08DB /* EGGUITests */,
			);
		};
/* End PBXProject section */

/* Begin PBXResourcesBuildPhase section */
		90459CD41D7F1CCA00FF08DB /* Resources */ = {
			isa = PBXResourcesBuildPhase;
			buildActionMask = 2147483647;
			files = (
				9077AB7E1D7FD31100B5468B /* icon_result_menuedit@2x.png in Resources */,
				90459CE91D7F1CCA00FF08DB /* LaunchScreen.storyboard in Resources */,
				90459D2B1D7F416200FF08DB /* tab-ico-wo-clicked@3x.png in Resources */,
				90459D291D7F410C00FF08DB /* home_bottom_tab_arrow@2x.png in Resources */,
				90459D371D7F58EB00FF08DB /* placeholder.png in Resources */,
				90459D321D7F49B900FF08DB /* holder.png in Resources */,
				90459D271D7F3E6F00FF08DB /* tab-ico-wo-nor@3x.png in Resources */,
				90459D691D7FCFB500FF08DB /* ResetViewController.xib in Resources */,
				90459D6B1D7FCFB500FF08DB /* UserViewController.xib in Resources */,
				90459D461D7F7D4900FF08DB /* img_detail_look@2x.png in Resources */,
				90459D3E1D7F74DD00FF08DB /* wp_nav_back_white.png in Resources */,
				9077AB671D7FD22E00B5468B /* LeftDrawerViewController.xib in Resources */,
				90459D651D7FCFB500FF08DB /* LoginViewController.xib in Resources */,
				9077AB741D7FD31100B5468B /* i_2bg@2x.jpg in Resources */,
				90459D251D7F3E6300FF08DB /* tab-ico-shouye-nor@3x.png in Resources */,
				9077AB781D7FD31100B5468B /* ico-shoucang-nor@3x.png in Resources */,
				90459D401D7F766C00FF08DB /* img_detail_share_up@3x.png in Resources */,
				90459CE61D7F1CCA00FF08DB /* Assets.xcassets in Resources */,
				9077AB7C1D7FD31100B5468B /* icon_edit_highlight@2x.png in Resources */,
				9077AB7D1D7FD31100B5468B /* icon_result_left_enable@2x.png in Resources */,
				9077AB7A1D7FD31100B5468B /* icon_accountbg@2x.jpg in Resources */,
				90459D481D7F7DF900FF08DB /* img_list_aixin.png in Resources */,
				9077AB7B1D7FD31100B5468B /* icon_company_markon@2x.png in Resources */,
				90459D2D1D7F416D00FF08DB /* tab-ico-shouye-clicked@3x.png in Resources */,
				90459CE41D7F1CCA00FF08DB /* Main.storyboard in Resources */,
				9077AB821D7FD84A00B5468B /* login.jpg in Resources */,
				9077AB761D7FD31100B5468B /* ico-fenxiang-nor@3x.png in Resources */,
				90459D111D7F1EFF00FF08DB /* icon.png in Resources */,
				9077AB771D7FD31100B5468B /* ico-saoma@3x.png in Resources */,
				90459D671D7FCFB500FF08DB /* RegisterViewController.xib in Resources */,
				9077AB791D7FD31100B5468B /* ico-touxiang@3x.png in Resources */,
				90459D4A1D7F7E6000FF08DB /* img_detail_download@3x.png in Resources */,
				90459D1D1D7F358700FF08DB /* HomeViewController.xib in Resources */,
				9077AB751D7FD31100B5468B /* ico-duanxin-nor@3x.png in Resources */,
			);
			runOnlyForDeploymentPostprocessing = 0;
		};
		90459CED1D7F1CCA00FF08DB /* Resources */ = {
			isa = PBXResourcesBuildPhase;
			buildActionMask = 2147483647;
			files = (
			);
			runOnlyForDeploymentPostprocessing = 0;
		};
		90459CF81D7F1CCA00FF08DB /* Resources */ = {
			isa = PBXResourcesBuildPhase;
			buildActionMask = 2147483647;
			files = (
			);
			runOnlyForDeploymentPostprocessing = 0;
		};
/* End PBXResourcesBuildPhase section */

/* Begin PBXShellScriptBuildPhase section */
		0AEB486050354FFB4BDDE00B /* [CP] Copy Pods Resources */ = {
			isa = PBXShellScriptBuildPhase;
			buildActionMask = 2147483647;
			files = (
			);
			inputPaths = (
			);
			name = "[CP] Copy Pods Resources";
			outputPaths = (
			);
			runOnlyForDeploymentPostprocessing = 0;
			shellPath = /bin/sh;
			shellScript = "\"${SRCROOT}/Pods/Target Support Files/Pods-EGG/Pods-EGG-resources.sh\"\n";
			showEnvVarsInLog = 0;
		};
		6AF0670D91B15271C256239B /* [CP] Check Pods Manifest.lock */ = {
			isa = PBXShellScriptBuildPhase;
			buildActionMask = 2147483647;
			files = (
			);
			inputPaths = (
			);
			name = "[CP] Check Pods Manifest.lock";
			outputPaths = (
			);
			runOnlyForDeploymentPostprocessing = 0;
			shellPath = /bin/sh;
			shellScript = "diff \"${PODS_ROOT}/../Podfile.lock\" \"${PODS_ROOT}/Manifest.lock\" > /dev/null\nif [[ $? != 0 ]] ; then\n    cat << EOM\nerror: The sandbox is not in sync with the Podfile.lock. Run 'pod install' or update your CocoaPods installation.\nEOM\n    exit 1\nfi\n";
			showEnvVarsInLog = 0;
		};
		AB95B69CCDD9CB3ADAE4E0DC /* [CP] Embed Pods Frameworks */ = {
			isa = PBXShellScriptBuildPhase;
			buildActionMask = 2147483647;
			files = (
			);
			inputPaths = (
			);
			name = "[CP] Embed Pods Frameworks";
			outputPaths = (
			);
			runOnlyForDeploymentPostprocessing = 0;
			shellPath = /bin/sh;
			shellScript = "\"${SRCROOT}/Pods/Target Support Files/Pods-EGG/Pods-EGG-frameworks.sh\"\n";
			showEnvVarsInLog = 0;
		};
/* End PBXShellScriptBuildPhase section */

/* Begin PBXSourcesBuildPhase section */
		90459CD21D7F1CCA00FF08DB /* Sources */ = {
			isa = PBXSourcesBuildPhase;
			buildActionMask = 2147483647;
			files = (
				90459D301D7F476900FF08DB /* CollectionViewCell.m in Sources */,
				90459D681D7FCFB500FF08DB /* ResetViewController.m in Sources */,
				90459D231D7F399400FF08DB /* BaseTabBarController.m in Sources */,
				90459CDE1D7F1CCA00FF08DB /* AppDelegate.m in Sources */,
				90459D381D7F58EB00FF08DB /* XRCarouselView.m in Sources */,
				90459D661D7FCFB500FF08DB /* RegisterViewController.m in Sources */,
				90459D641D7FCFB500FF08DB /* LoginViewController.m in Sources */,
				9077AB621D7FD1DB00B5468B /* UILabel+Extension.m in Sources */,
				90459CDB1D7F1CCA00FF08DB /* main.m in Sources */,
				90459D6A1D7FCFB500FF08DB /* UserViewController.m in Sources */,
				9077AB661D7FD22E00B5468B /* LeftDrawerViewController.m in Sources */,
				90459D3B1D7F5F7500FF08DB /* BigPicViewController.m in Sources */,
				90459D1C1D7F358700FF08DB /* HomeViewController.m in Sources */,
			);
			runOnlyForDeploymentPostprocessing = 0;
		};
		90459CEB1D7F1CCA00FF08DB /* Sources */ = {
			isa = PBXSourcesBuildPhase;
			buildActionMask = 2147483647;
			files = (
				90459CF41D7F1CCA00FF08DB /* EGGTests.m in Sources */,
			);
			runOnlyForDeploymentPostprocessing = 0;
		};
		90459CF61D7F1CCA00FF08DB /* Sources */ = {
			isa = PBXSourcesBuildPhase;
			buildActionMask = 2147483647;
			files = (
				90459CFF1D7F1CCA00FF08DB /* EGGUITests.m in Sources */,
			);
			runOnlyForDeploymentPostprocessing = 0;
		};
/* End PBXSourcesBuildPhase section */

/* Begin PBXTargetDependency section */
		90459CF11D7F1CCA00FF08DB /* PBXTargetDependency */ = {
			isa = PBXTargetDependency;
			target = 90459CD51D7F1CCA00FF08DB /* EGG */;
			targetProxy = 90459CF01D7F1CCA00FF08DB /* PBXContainerItemProxy */;
		};
		90459CFC1D7F1CCA00FF08DB /* PBXTargetDependency */ = {
			isa = PBXTargetDependency;
			target = 90459CD51D7F1CCA00FF08DB /* EGG */;
			targetProxy = 90459CFB1D7F1CCA00FF08DB /* PBXContainerItemProxy */;
		};
/* End PBXTargetDependency section */

/* Begin PBXVariantGroup section */
		90459CE21D7F1CCA00FF08DB /* Main.storyboard */ = {
			isa = PBXVariantGroup;
			children = (
				90459CE31D7F1CCA00FF08DB /* Base */,
			);
			name = Main.storyboard;
			sourceTree = "<group>";
		};
		90459CE71D7F1CCA00FF08DB /* LaunchScreen.storyboard */ = {
			isa = PBXVariantGroup;
			children = (
				90459CE81D7F1CCA00FF08DB /* Base */,
			);
			name = LaunchScreen.storyboard;
			sourceTree = "<group>";
		};
/* End PBXVariantGroup section */

/* Begin XCBuildConfiguration section */
		90459D011D7F1CCA00FF08DB /* Debug */ = {
			isa = XCBuildConfiguration;
			buildSettings = {
				ALWAYS_SEARCH_USER_PATHS = NO;
				CLANG_ANALYZER_NONNULL = YES;
				CLANG_CXX_LANGUAGE_STANDARD = "gnu++0x";
				CLANG_CXX_LIBRARY = "libc++";
				CLANG_ENABLE_MODULES = YES;
				CLANG_ENABLE_OBJC_ARC = YES;
				CLANG_WARN_BOOL_CONVERSION = YES;
				CLANG_WARN_CONSTANT_CONVERSION = YES;
				CLANG_WARN_DIRECT_OBJC_ISA_USAGE = YES_ERROR;
				CLANG_WARN_EMPTY_BODY = YES;
				CLANG_WARN_ENUM_CONVERSION = YES;
				CLANG_WARN_INT_CONVERSION = YES;
				CLANG_WARN_OBJC_ROOT_CLASS = YES_ERROR;
				CLANG_WARN_UNREACHABLE_CODE = YES;
				CLANG_WARN__DUPLICATE_METHOD_MATCH = YES;
				"CODE_SIGN_IDENTITY[sdk=iphoneos*]" = "iPhone Developer";
				COPY_PHASE_STRIP = NO;
				DEBUG_INFORMATION_FORMAT = dwarf;
				ENABLE_STRICT_OBJC_MSGSEND = YES;
				ENABLE_TESTABILITY = YES;
				GCC_C_LANGUAGE_STANDARD = gnu99;
				GCC_DYNAMIC_NO_PIC = NO;
				GCC_NO_COMMON_BLOCKS = YES;
				GCC_OPTIMIZATION_LEVEL = 0;
				GCC_PREPROCESSOR_DEFINITIONS = (
					"DEBUG=1",
					"$(inherited)",
				);
				GCC_WARN_64_TO_32_BIT_CONVERSION = YES;
				GCC_WARN_ABOUT_RETURN_TYPE = YES_ERROR;
				GCC_WARN_UNDECLARED_SELECTOR = YES;
				GCC_WARN_UNINITIALIZED_AUTOS = YES_AGGRESSIVE;
				GCC_WARN_UNUSED_FUNCTION = YES;
				GCC_WARN_UNUSED_VARIABLE = YES;
				IPHONEOS_DEPLOYMENT_TARGET = 9.3;
				MTL_ENABLE_DEBUG_INFO = YES;
				ONLY_ACTIVE_ARCH = YES;
				SDKROOT = iphoneos;
				TARGETED_DEVICE_FAMILY = "1,2";
			};
			name = Debug;
		};
		90459D021D7F1CCA00FF08DB /* Release */ = {
			isa = XCBuildConfiguration;
			buildSettings = {
				ALWAYS_SEARCH_USER_PATHS = NO;
				CLANG_ANALYZER_NONNULL = YES;
				CLANG_CXX_LANGUAGE_STANDARD = "gnu++0x";
				CLANG_CXX_LIBRARY = "libc++";
				CLANG_ENABLE_MODULES = YES;
				CLANG_ENABLE_OBJC_ARC = YES;
				CLANG_WARN_BOOL_CONVERSION = YES;
				CLANG_WARN_CONSTANT_CONVERSION = YES;
				CLANG_WARN_DIRECT_OBJC_ISA_USAGE = YES_ERROR;
				CLANG_WARN_EMPTY_BODY = YES;
				CLANG_WARN_ENUM_CONVERSION = YES;
				CLANG_WARN_INT_CONVERSION = YES;
				CLANG_WARN_OBJC_ROOT_CLASS = YES_ERROR;
				CLANG_WARN_UNREACHABLE_CODE = YES;
				CLANG_WARN__DUPLICATE_METHOD_MATCH = YES;
				"CODE_SIGN_IDENTITY[sdk=iphoneos*]" = "iPhone Developer";
				COPY_PHASE_STRIP = NO;
				DEBUG_INFORMATION_FORMAT = "dwarf-with-dsym";
				ENABLE_NS_ASSERTIONS = NO;
				ENABLE_STRICT_OBJC_MSGSEND = YES;
				GCC_C_LANGUAGE_STANDARD = gnu99;
				GCC_NO_COMMON_BLOCKS = YES;
				GCC_WARN_64_TO_32_BIT_CONVERSION = YES;
				GCC_WARN_ABOUT_RETURN_TYPE = YES_ERROR;
				GCC_WARN_UNDECLARED_SELECTOR = YES;
				GCC_WARN_UNINITIALIZED_AUTOS = YES_AGGRESSIVE;
				GCC_WARN_UNUSED_FUNCTION = YES;
				GCC_WARN_UNUSED_VARIABLE = YES;
				IPHONEOS_DEPLOYMENT_TARGET = 9.3;
				MTL_ENABLE_DEBUG_INFO = NO;
				SDKROOT = iphoneos;
				TARGETED_DEVICE_FAMILY = "1,2";
				VALIDATE_PRODUCT = YES;
			};
			name = Release;
		};
		90459D041D7F1CCA00FF08DB /* Debug */ = {
			isa = XCBuildConfiguration;
			baseConfigurationReference = BF7899828241B77DCDB297FF /* Pods-EGG.debug.xcconfig */;
			buildSettings = {
				ASSETCATALOG_COMPILER_APPICON_NAME = AppIcon;
				GCC_PRECOMPILE_PREFIX_HEADER = YES;
				GCC_PREFIX_HEADER = "$(SRCROOT)/EGG/PrefixHeader.pch";
				INFOPLIST_FILE = EGG/Info.plist;
				LD_RUNPATH_SEARCH_PATHS = "$(inherited) @executable_path/Frameworks";
				PRODUCT_BUNDLE_IDENTIFIER = ybb.Inc.EGG;
				PRODUCT_NAME = "$(TARGET_NAME)";
			};
			name = Debug;
		};
		90459D051D7F1CCA00FF08DB /* Release */ = {
			isa = XCBuildConfiguration;
			baseConfigurationReference = DFD991B67A61A364DD4D043B /* Pods-EGG.release.xcconfig */;
			buildSettings = {
				ASSETCATALOG_COMPILER_APPICON_NAME = AppIcon;
				GCC_PRECOMPILE_PREFIX_HEADER = YES;
				GCC_PREFIX_HEADER = "$(SRCROOT)/EGG/PrefixHeader.pch";
				INFOPLIST_FILE = EGG/Info.plist;
				LD_RUNPATH_SEARCH_PATHS = "$(inherited) @executable_path/Frameworks";
				PRODUCT_BUNDLE_IDENTIFIER = ybb.Inc.EGG;
				PRODUCT_NAME = "$(TARGET_NAME)";
			};
			name = Release;
		};
		90459D071D7F1CCA00FF08DB /* Debug */ = {
			isa = XCBuildConfiguration;
			buildSettings = {
				BUNDLE_LOADER = "$(TEST_HOST)";
				INFOPLIST_FILE = EGGTests/Info.plist;
				LD_RUNPATH_SEARCH_PATHS = "$(inherited) @executable_path/Frameworks @loader_path/Frameworks";
				PRODUCT_BUNDLE_IDENTIFIER = ybb.Inc.EGGTests;
				PRODUCT_NAME = "$(TARGET_NAME)";
				TEST_HOST = "$(BUILT_PRODUCTS_DIR)/EGG.app/EGG";
			};
			name = Debug;
		};
		90459D081D7F1CCA00FF08DB /* Release */ = {
			isa = XCBuildConfiguration;
			buildSettings = {
				BUNDLE_LOADER = "$(TEST_HOST)";
				INFOPLIST_FILE = EGGTests/Info.plist;
				LD_RUNPATH_SEARCH_PATHS = "$(inherited) @executable_path/Frameworks @loader_path/Frameworks";
				PRODUCT_BUNDLE_IDENTIFIER = ybb.Inc.EGGTests;
				PRODUCT_NAME = "$(TARGET_NAME)";
				TEST_HOST = "$(BUILT_PRODUCTS_DIR)/EGG.app/EGG";
			};
			name = Release;
		};
		90459D0A1D7F1CCA00FF08DB /* Debug */ = {
			isa = XCBuildConfiguration;
			buildSettings = {
				INFOPLIST_FILE = EGGUITests/Info.plist;
				LD_RUNPATH_SEARCH_PATHS = "$(inherited) @executable_path/Frameworks @loader_path/Frameworks";
				PRODUCT_BUNDLE_IDENTIFIER = ybb.Inc.EGGUITests;
				PRODUCT_NAME = "$(TARGET_NAME)";
				TEST_TARGET_NAME = EGG;
			};
			name = Debug;
		};
		90459D0B1D7F1CCA00FF08DB /* Release */ = {
			isa = XCBuildConfiguration;
			buildSettings = {
				INFOPLIST_FILE = EGGUITests/Info.plist;
				LD_RUNPATH_SEARCH_PATHS = "$(inherited) @executable_path/Frameworks @loader_path/Frameworks";
				PRODUCT_BUNDLE_IDENTIFIER = ybb.Inc.EGGUITests;
				PRODUCT_NAME = "$(TARGET_NAME)";
				TEST_TARGET_NAME = EGG;
			};
			name = Release;
		};
/* End XCBuildConfiguration section */

/* Begin XCConfigurationList section */
		90459CD11D7F1CCA00FF08DB /* Build configuration list for PBXProject "EGG" */ = {
			isa = XCConfigurationList;
			buildConfigurations = (
				90459D011D7F1CCA00FF08DB /* Debug */,
				90459D021D7F1CCA00FF08DB /* Release */,
			);
			defaultConfigurationIsVisible = 0;
			defaultConfigurationName = Release;
		};
		90459D031D7F1CCA00FF08DB /* Build configuration list for PBXNativeTarget "EGG" */ = {
			isa = XCConfigurationList;
			buildConfigurations = (
				90459D041D7F1CCA00FF08DB /* Debug */,
				90459D051D7F1CCA00FF08DB /* Release */,
			);
			defaultConfigurationIsVisible = 0;
			defaultConfigurationName = Release;
		};
		90459D061D7F1CCA00FF08DB /* Build configuration list for PBXNativeTarget "EGGTests" */ = {
			isa = XCConfigurationList;
			buildConfigurations = (
				90459D071D7F1CCA00FF08DB /* Debug */,
				90459D081D7F1CCA00FF08DB /* Release */,
			);
			defaultConfigurationIsVisible = 0;
			defaultConfigurationName = Release;
		};
		90459D091D7F1CCA00FF08DB /* Build configuration list for PBXNativeTarget "EGGUITests" */ = {
			isa = XCConfigurationList;
			buildConfigurations = (
				90459D0A1D7F1CCA00FF08DB /* Debug */,
				90459D0B1D7F1CCA00FF08DB /* Release */,
			);
			defaultConfigurationIsVisible = 0;
			defaultConfigurationName = Release;
		};
/* End XCConfigurationList section */
	};
	rootObject = 90459CCE1D7F1CCA00FF08DB /* Project object */;
}
